{
  "name": "adguardhome",
  "version": "0.0.0",
  "lockfileVersion": 3,
  "requires": true,
  "packages": {
    "": {
      "name": "adguardhome",
      "version": "0.0.0",
      "license": "MIT",
      "devDependencies": {
        "prettier": "3.2.3"
      }
    },
    "node_modules/prettier": {
      "version": "3.2.3",
      "resolved": "https://registry.npmjs.org/prettier/-/prettier-3.2.3.tgz",
      "integrity": "sha512-QNhUTBq+mqt1oH1dTfY3phOKNhcDdJkfttHI6u0kj7M2+c+7fmNKlgh2GhnHiqMcbxJ+a0j2igz/2jfl9QKLuw==",
      "dev": true,
      "bin": {
        "prettier": "bin/prettier.cjs"
      },
      "engines": {
        "node": ">=14"
      },
      "funding": {
        "url": "https://github.com/prettier/prettier?sponsor=1"
      }
    }
  }
}
